
Microsoft Visual Studio Solution File, Format Version 12.00
# Visual Studio Version 17
VisualStudioVersion = 17.4.33213.308
MinimumVisualStudioVersion = 10.0.40219.1
Project("{FAE04EC0-301F-11D3-BF4B-00C04F79EFBC}") = "Comic.API", "Comic.API.csproj", "{FE1FBDB8-5A02-464E-B082-1A88096D9968}"
EndProject
Global
	GlobalSection(SolutionConfigurationPlatforms) = preSolution
		Debug|Any CPU = Debug|Any CPU
		Release|Any CPU = Release|Any CPU
	EndGlobalSection
	GlobalSection(ProjectConfigurationPlatforms) = postSolution
		{FE1FBDB8-5A02-464E-B082-1A88096D9968}.Debug|Any CPU.ActiveCfg = Debug|Any CPU
		{FE1FBDB8-5A02-464E-B082-1A88096D9968}.Debug|Any CPU.Build.0 = Debug|Any CPU
		{FE1FBDB8-5A02-464E-B082-1A88096D9968}.Release|Any CPU.ActiveCfg = Release|Any CPU
		{FE1FBDB8-5A02-464E-B082-1A88096D9968}.Release|Any CPU.Build.0 = Release|Any CPU
	EndGlobalSection
	GlobalSection(SolutionProperties) = preSolution
		HideSolutionNode = FALSE
	EndGlobalSection
	GlobalSection(ExtensibilityGlobals) = postSolution
		SolutionGuid = {88BD9544-390A-4182-BB30-2AC72EB2CA0B}
	EndGlobalSection
EndGlobal
